lockfileVersion: '9.0'

settings:
  autoInstallPeers: true
  excludeLinksFromLockfile: false

importers:

  .:
    dependencies:
      pinyin-pro:
        specifier: ^3.28.1
        version: 3.28.1

packages:

  pinyin-pro@3.28.1:
    resolution: {integrity: sha512-oqz8ulwRgtUXRi0vbqEfGNly19zpyCxYrjhkk5TibGcgSW6eNwS5woajCXRwqURi8Ehc2yOFTiB4uNoZ+NJOnA==}

snapshots:

  pinyin-pro@3.28.1: {}
